
Microsoft Visual Studio Solution File, Format Version 12.00
# Visual Studio Version 17
VisualStudioVersion = 17.0.32112.339
MinimumVisualStudioVersion = 10.0.40219.1
Project("{9A19103F-16F7-4668-BE54-9A1E7A4F7556}") = "Milkyfie", "Milkyfie\Milkyfie.csproj", "{F564B831-1874-40B2-A11E-DF90FC8939AE}"
EndProject
Project("{FAE04EC0-301F-11D3-BF4B-00C04F79EFBC}") = "Paymentgateway", "Paymentgateway\Paymentgateway.csproj", "{FBD0FFFE-E659-4AAC-B01D-9096D43AEAB3}"
EndProject
Project("{FAE04EC0-301F-11D3-BF4B-00C04F79EFBC}") = "ApiRequestUtility", "ApiRequestUtility\ApiRequestUtility.csproj", "{AE524827-B83A-452B-BB23-617EEBB5818B}"
EndProject
Global
	GlobalSection(SolutionConfigurationPlatforms) = preSolution
		Debug|Any CPU = Debug|Any CPU
		Release|Any CPU = Release|Any CPU
	EndGlobalSection
	GlobalSection(ProjectConfigurationPlatforms) = postSolution
		{F564B831-1874-40B2-A11E-DF90FC8939AE}.Debug|Any CPU.ActiveCfg = Debug|Any CPU
		{F564B831-1874-40B2-A11E-DF90FC8939AE}.Debug|Any CPU.Build.0 = Debug|Any CPU
		{F564B831-1874-40B2-A11E-DF90FC8939AE}.Release|Any CPU.ActiveCfg = Release|Any CPU
		{F564B831-1874-40B2-A11E-DF90FC8939AE}.Release|Any CPU.Build.0 = Release|Any CPU
		{FBD0FFFE-E659-4AAC-B01D-9096D43AEAB3}.Debug|Any CPU.ActiveCfg = Debug|Any CPU
		{FBD0FFFE-E659-4AAC-B01D-9096D43AEAB3}.Debug|Any CPU.Build.0 = Debug|Any CPU
		{FBD0FFFE-E659-4AAC-B01D-9096D43AEAB3}.Release|Any CPU.ActiveCfg = Release|Any CPU
		{FBD0FFFE-E659-4AAC-B01D-9096D43AEAB3}.Release|Any CPU.Build.0 = Release|Any CPU
		{AE524827-B83A-452B-BB23-617EEBB5818B}.Debug|Any CPU.ActiveCfg = Debug|Any CPU
		{AE524827-B83A-452B-BB23-617EEBB5818B}.Debug|Any CPU.Build.0 = Debug|Any CPU
		{AE524827-B83A-452B-BB23-617EEBB5818B}.Release|Any CPU.ActiveCfg = Release|Any CPU
		{AE524827-B83A-452B-BB23-617EEBB5818B}.Release|Any CPU.Build.0 = Release|Any CPU
	EndGlobalSection
	GlobalSection(SolutionProperties) = preSolution
		HideSolutionNode = FALSE
	EndGlobalSection
	GlobalSection(ExtensibilityGlobals) = postSolution
		SolutionGuid = {A479E673-E894-4A10-8E16-7B0EAC6890B2}
	EndGlobalSection
EndGlobal
